
Microsoft Visual Studio Solution File, Format Version 12.00
# Visual Studio Version 17
VisualStudioVersion = 17.3.32901.215
MinimumVisualStudioVersion = 10.0.40219.1
Project("{FAE04EC0-301F-11D3-BF4B-00C04F79EFBC}") = "SPP_laba_2", "SPP_laba_2\SPP_laba_2.csproj", "{93D29282-4DF8-490B-AA1D-BAEEF7F91B3E}"
EndProject
Project("{FAE04EC0-301F-11D3-BF4B-00C04F79EFBC}") = "IntGeneratorPlugin", "IntGeneratorPlugin\IntGeneratorPlugin.csproj", "{7FA17ABE-802E-4FA9-AECA-DC0CC6317B85}"
EndProject
Project("{FAE04EC0-301F-11D3-BF4B-00C04F79EFBC}") = "LongGeneratorPlugin", "LongGeneratorPlugin\LongGeneratorPlugin.csproj", "{5B7A164A-5E85-40E4-AB60-257D876C151E}"
EndProject
Global
	GlobalSection(SolutionConfigurationPlatforms) = preSolution
		Debug|Any CPU = Debug|Any CPU
		Release|Any CPU = Release|Any CPU
	EndGlobalSection
	GlobalSection(ProjectConfigurationPlatforms) = postSolution
		{93D29282-4DF8-490B-AA1D-BAEEF7F91B3E}.Debug|Any CPU.ActiveCfg = Debug|Any CPU
		{93D29282-4DF8-490B-AA1D-BAEEF7F91B3E}.Debug|Any CPU.Build.0 = Debug|Any CPU
		{93D29282-4DF8-490B-AA1D-BAEEF7F91B3E}.Release|Any CPU.ActiveCfg = Release|Any CPU
		{93D29282-4DF8-490B-AA1D-BAEEF7F91B3E}.Release|Any CPU.Build.0 = Release|Any CPU
		{7FA17ABE-802E-4FA9-AECA-DC0CC6317B85}.Debug|Any CPU.ActiveCfg = Debug|Any CPU
		{7FA17ABE-802E-4FA9-AECA-DC0CC6317B85}.Debug|Any CPU.Build.0 = Debug|Any CPU
		{7FA17ABE-802E-4FA9-AECA-DC0CC6317B85}.Release|Any CPU.ActiveCfg = Release|Any CPU
		{7FA17ABE-802E-4FA9-AECA-DC0CC6317B85}.Release|Any CPU.Build.0 = Release|Any CPU
		{5B7A164A-5E85-40E4-AB60-257D876C151E}.Debug|Any CPU.ActiveCfg = Debug|Any CPU
		{5B7A164A-5E85-40E4-AB60-257D876C151E}.Debug|Any CPU.Build.0 = Debug|Any CPU
		{5B7A164A-5E85-40E4-AB60-257D876C151E}.Release|Any CPU.ActiveCfg = Release|Any CPU
		{5B7A164A-5E85-40E4-AB60-257D876C151E}.Release|Any CPU.Build.0 = Release|Any CPU
	EndGlobalSection
	GlobalSection(SolutionProperties) = preSolution
		HideSolutionNode = FALSE
	EndGlobalSection
	GlobalSection(ExtensibilityGlobals) = postSolution
		SolutionGuid = {14089822-3C7A-406B-BEB4-224DD28DC2C9}
	EndGlobalSection
EndGlobal
